
Microsoft Visual Studio Solution File, Format Version 12.00
# Visual Studio 2013
VisualStudioVersion = 12.0.31101.0
MinimumVisualStudioVersion = 10.0.40219.1
Project("{FAE04EC0-301F-11D3-BF4B-00C04F79EFBC}") = "01. DecimalToBinary", "01. DecimalToBinary\01. DecimalToBinary.csproj", "{379FAA94-4CE2-46AB-8DDF-40AB7754EC0C}"
EndProject
Project("{FAE04EC0-301F-11D3-BF4B-00C04F79EFBC}") = "02. BinaryToDecimal", "02. BinaryToDecimal\02. BinaryToDecimal.csproj", "{545D5BF2-C309-4B75-BF20-06068C7C4E56}"
EndProject
Project("{FAE04EC0-301F-11D3-BF4B-00C04F79EFBC}") = "03.DecimalToHexadecimal", "DecimalToHexadecimal\03.DecimalToHexadecimal.csproj", "{66421945-6C97-453A-B3C9-BCFD9234E029}"
EndProject
Project("{FAE04EC0-301F-11D3-BF4B-00C04F79EFBC}") = "04. Hexadecimal to decimal", "04. Hexadecimal to decimal\04. Hexadecimal to decimal.csproj", "{3594CAD5-2538-4952-B518-143700737504}"
EndProject
Project("{FAE04EC0-301F-11D3-BF4B-00C04F79EFBC}") = "05. HexadecimalToBinary", "05. HexadecimalToBinary\05. HexadecimalToBinary.csproj", "{E8C40C14-63E8-4D8E-8F8C-D172CBAFF65A}"
EndProject
Project("{FAE04EC0-301F-11D3-BF4B-00C04F79EFBC}") = "06.BinaryToHexadecimal", "06.BinaryToHexadecimal\06.BinaryToHexadecimal.csproj", "{897C5673-737E-4CC4-8BD4-48472C34BC91}"
EndProject
Project("{FAE04EC0-301F-11D3-BF4B-00C04F79EFBC}") = "07. OneSystemToAnyOther", "07. OneSystemToAnyOther\07. OneSystemToAnyOther.csproj", "{21ED5400-7EE5-4D6C-B5A6-8486541B5920}"
EndProject
Project("{FAE04EC0-301F-11D3-BF4B-00C04F79EFBC}") = "08. BinaryShort", "08. BinaryShort\08. BinaryShort.csproj", "{9220AD12-39AA-45E7-98AA-D64DA34BF919}"
EndProject
Project("{FAE04EC0-301F-11D3-BF4B-00C04F79EFBC}") = "09. Binary floating-point", "09. Binary floating-point\09. Binary floating-point.csproj", "{B40A23A0-E73C-4B31-967D-A47B4E6C42A5}"
EndProject
Global
	GlobalSection(SolutionConfigurationPlatforms) = preSolution
		Debug|Any CPU = Debug|Any CPU
		Release|Any CPU = Release|Any CPU
	EndGlobalSection
	GlobalSection(ProjectConfigurationPlatforms) = postSolution
		{379FAA94-4CE2-46AB-8DDF-40AB7754EC0C}.Debug|Any CPU.ActiveCfg = Debug|Any CPU
		{379FAA94-4CE2-46AB-8DDF-40AB7754EC0C}.Debug|Any CPU.Build.0 = Debug|Any CPU
		{379FAA94-4CE2-46AB-8DDF-40AB7754EC0C}.Release|Any CPU.ActiveCfg = Release|Any CPU
		{379FAA94-4CE2-46AB-8DDF-40AB7754EC0C}.Release|Any CPU.Build.0 = Release|Any CPU
		{545D5BF2-C309-4B75-BF20-06068C7C4E56}.Debug|Any CPU.ActiveCfg = Debug|Any CPU
		{545D5BF2-C309-4B75-BF20-06068C7C4E56}.Debug|Any CPU.Build.0 = Debug|Any CPU
		{545D5BF2-C309-4B75-BF20-06068C7C4E56}.Release|Any CPU.ActiveCfg = Release|Any CPU
		{545D5BF2-C309-4B75-BF20-06068C7C4E56}.Release|Any CPU.Build.0 = Release|Any CPU
		{66421945-6C97-453A-B3C9-BCFD9234E029}.Debug|Any CPU.ActiveCfg = Debug|Any CPU
		{66421945-6C97-453A-B3C9-BCFD9234E029}.Debug|Any CPU.Build.0 = Debug|Any CPU
		{66421945-6C97-453A-B3C9-BCFD9234E029}.Release|Any CPU.ActiveCfg = Release|Any CPU
		{66421945-6C97-453A-B3C9-BCFD9234E029}.Release|Any CPU.Build.0 = Release|Any CPU
		{3594CAD5-2538-4952-B518-143700737504}.Debug|Any CPU.ActiveCfg = Debug|Any CPU
		{3594CAD5-2538-4952-B518-143700737504}.Debug|Any CPU.Build.0 = Debug|Any CPU
		{3594CAD5-2538-4952-B518-143700737504}.Release|Any CPU.ActiveCfg = Release|Any CPU
		{3594CAD5-2538-4952-B518-143700737504}.Release|Any CPU.Build.0 = Release|Any CPU
		{E8C40C14-63E8-4D8E-8F8C-D172CBAFF65A}.Debug|Any CPU.ActiveCfg = Debug|Any CPU
		{E8C40C14-63E8-4D8E-8F8C-D172CBAFF65A}.Debug|Any CPU.Build.0 = Debug|Any CPU
		{E8C40C14-63E8-4D8E-8F8C-D172CBAFF65A}.Release|Any CPU.ActiveCfg = Release|Any CPU
		{E8C40C14-63E8-4D8E-8F8C-D172CBAFF65A}.Release|Any CPU.Build.0 = Release|Any CPU
		{897C5673-737E-4CC4-8BD4-48472C34BC91}.Debug|Any CPU.ActiveCfg = Debug|Any CPU
		{897C5673-737E-4CC4-8BD4-48472C34BC91}.Debug|Any CPU.Build.0 = Debug|Any CPU
		{897C5673-737E-4CC4-8BD4-48472C34BC91}.Release|Any CPU.ActiveCfg = Release|Any CPU
		{897C5673-737E-4CC4-8BD4-48472C34BC91}.Release|Any CPU.Build.0 = Release|Any CPU
		{21ED5400-7EE5-4D6C-B5A6-8486541B5920}.Debug|Any CPU.ActiveCfg = Debug|Any CPU
		{21ED5400-7EE5-4D6C-B5A6-8486541B5920}.Debug|Any CPU.Build.0 = Debug|Any CPU
		{21ED5400-7EE5-4D6C-B5A6-8486541B5920}.Release|Any CPU.ActiveCfg = Release|Any CPU
		{21ED5400-7EE5-4D6C-B5A6-8486541B5920}.Release|Any CPU.Build.0 = Release|Any CPU
		{9220AD12-39AA-45E7-98AA-D64DA34BF919}.Debug|Any CPU.ActiveCfg = Debug|Any CPU
		{9220AD12-39AA-45E7-98AA-D64DA34BF919}.Debug|Any CPU.Build.0 = Debug|Any CPU
		{9220AD12-39AA-45E7-98AA-D64DA34BF919}.Release|Any CPU.ActiveCfg = Release|Any CPU
		{9220AD12-39AA-45E7-98AA-D64DA34BF919}.Release|Any CPU.Build.0 = Release|Any CPU
		{B40A23A0-E73C-4B31-967D-A47B4E6C42A5}.Debug|Any CPU.ActiveCfg = Debug|Any CPU
		{B40A23A0-E73C-4B31-967D-A47B4E6C42A5}.Debug|Any CPU.Build.0 = Debug|Any CPU
		{B40A23A0-E73C-4B31-967D-A47B4E6C42A5}.Release|Any CPU.ActiveCfg = Release|Any CPU
		{B40A23A0-E73C-4B31-967D-A47B4E6C42A5}.Release|Any CPU.Build.0 = Release|Any CPU
	EndGlobalSection
	GlobalSection(SolutionProperties) = preSolution
		HideSolutionNode = FALSE
	EndGlobalSection
EndGlobal
