
Microsoft Visual Studio Solution File, Format Version 12.00
# Visual Studio 2013
VisualStudioVersion = 12.0.31101.0
MinimumVisualStudioVersion = 10.0.40219.1
Project("{FAE04EC0-301F-11D3-BF4B-00C04F79EFBC}") = "01.OddOrEvenIntegers", "01.OddOrEvenIntegers\01.OddOrEvenIntegers.csproj", "{ED537EA8-5A1A-4EDB-9019-2FB0D331B2CA}"
EndProject
Project("{FAE04EC0-301F-11D3-BF4B-00C04F79EFBC}") = "02.Gravitation-On-The-Moon", "02.Gravitation-On-The-Moon\02.Gravitation-On-The-Moon.csproj", "{B440160F-091B-4857-8125-52B7E63C8855}"
EndProject
Project("{FAE04EC0-301F-11D3-BF4B-00C04F79EFBC}") = "03.Devide-By-7-and-5", "03.Devide-By-7-and-5\03.Devide-By-7-and-5.csproj", "{F25925CE-72B0-4389-AEAA-4382A5B4F6E8}"
EndProject
Project("{FAE04EC0-301F-11D3-BF4B-00C04F79EFBC}") = "04.Rectangles", "04.Rectangles\04.Rectangles.csproj", "{E4B1E38F-6075-4856-BFBA-6A59B3A7BC61}"
EndProject
Project("{FAE04EC0-301F-11D3-BF4B-00C04F79EFBC}") = "05.Tird-Digit-Is-7", "05.Tird-Digit-Is-7\05.Tird-Digit-Is-7.csproj", "{10D2CAE4-7540-488D-8ABE-AEE2F33B75D9}"
EndProject
Project("{FAE04EC0-301F-11D3-BF4B-00C04F79EFBC}") = "06. Four-Digit-Number", "06. Four-Digit-Number\06. Four-Digit-Number.csproj", "{E9B31131-2886-465F-BF1B-E48E9CDC0875}"
EndProject
Project("{FAE04EC0-301F-11D3-BF4B-00C04F79EFBC}") = "07.Point-In-A-Circle", "07.Point-In-A-Circle\07.Point-In-A-Circle.csproj", "{87CF47C4-7D26-4AA0-B59C-5962C146E869}"
EndProject
Project("{FAE04EC0-301F-11D3-BF4B-00C04F79EFBC}") = "08. Prime-Number-Check", "08. Prime-Number-Check\08. Prime-Number-Check.csproj", "{6C2F593B-800F-41E5-A9B9-C8DF1B9BAE61}"
EndProject
Project("{FAE04EC0-301F-11D3-BF4B-00C04F79EFBC}") = "09. Trapezoids", "09. Trapezoids\09. Trapezoids.csproj", "{B555CF6D-2E1C-45A0-BD9B-25A2C6A2C449}"
EndProject
Project("{FAE04EC0-301F-11D3-BF4B-00C04F79EFBC}") = "10. Point-Inside-Circle-Outside-Rectangle", "10. Point-Inside-Circle-Outside-Rectangle\10. Point-Inside-Circle-Outside-Rectangle.csproj", "{0351755E-7E36-4EF2-A33F-FE5071C1CD5D}"
EndProject
Project("{FAE04EC0-301F-11D3-BF4B-00C04F79EFBC}") = "11. Bitwise-Extract-Bit-3", "11. Bitwise-Extract-Bit-3\11. Bitwise-Extract-Bit-3.csproj", "{1D9D747B-0081-4987-B85C-431311E06D59}"
EndProject
Project("{FAE04EC0-301F-11D3-BF4B-00C04F79EFBC}") = "12. Extract-Bit-From-Integer", "12. Extract-Bit-From-Integer\12. Extract-Bit-From-Integer.csproj", "{88AC7E88-2B68-464B-B950-9AC0DA9AC05C}"
EndProject
Project("{FAE04EC0-301F-11D3-BF4B-00C04F79EFBC}") = "13.Check-Bit-Given-Position", "13.Check-Bit-Given-Position\13.Check-Bit-Given-Position.csproj", "{2D867DBE-6056-47DC-9957-2137E22AD555}"
EndProject
Project("{FAE04EC0-301F-11D3-BF4B-00C04F79EFBC}") = "14. Modify-Bit-Given-Position", "14. Modify-Bit-Given-Position\14. Modify-Bit-Given-Position.csproj", "{F6277D97-C88E-4F7F-8A3B-3EDD6E433ECD}"
EndProject
Global
	GlobalSection(SolutionConfigurationPlatforms) = preSolution
		Debug|Any CPU = Debug|Any CPU
		Release|Any CPU = Release|Any CPU
	EndGlobalSection
	GlobalSection(ProjectConfigurationPlatforms) = postSolution
		{ED537EA8-5A1A-4EDB-9019-2FB0D331B2CA}.Debug|Any CPU.ActiveCfg = Debug|Any CPU
		{ED537EA8-5A1A-4EDB-9019-2FB0D331B2CA}.Debug|Any CPU.Build.0 = Debug|Any CPU
		{ED537EA8-5A1A-4EDB-9019-2FB0D331B2CA}.Release|Any CPU.ActiveCfg = Release|Any CPU
		{ED537EA8-5A1A-4EDB-9019-2FB0D331B2CA}.Release|Any CPU.Build.0 = Release|Any CPU
		{B440160F-091B-4857-8125-52B7E63C8855}.Debug|Any CPU.ActiveCfg = Debug|Any CPU
		{B440160F-091B-4857-8125-52B7E63C8855}.Debug|Any CPU.Build.0 = Debug|Any CPU
		{B440160F-091B-4857-8125-52B7E63C8855}.Release|Any CPU.ActiveCfg = Release|Any CPU
		{B440160F-091B-4857-8125-52B7E63C8855}.Release|Any CPU.Build.0 = Release|Any CPU
		{F25925CE-72B0-4389-AEAA-4382A5B4F6E8}.Debug|Any CPU.ActiveCfg = Debug|Any CPU
		{F25925CE-72B0-4389-AEAA-4382A5B4F6E8}.Debug|Any CPU.Build.0 = Debug|Any CPU
		{F25925CE-72B0-4389-AEAA-4382A5B4F6E8}.Release|Any CPU.ActiveCfg = Release|Any CPU
		{F25925CE-72B0-4389-AEAA-4382A5B4F6E8}.Release|Any CPU.Build.0 = Release|Any CPU
		{E4B1E38F-6075-4856-BFBA-6A59B3A7BC61}.Debug|Any CPU.ActiveCfg = Debug|Any CPU
		{E4B1E38F-6075-4856-BFBA-6A59B3A7BC61}.Debug|Any CPU.Build.0 = Debug|Any CPU
		{E4B1E38F-6075-4856-BFBA-6A59B3A7BC61}.Release|Any CPU.ActiveCfg = Release|Any CPU
		{E4B1E38F-6075-4856-BFBA-6A59B3A7BC61}.Release|Any CPU.Build.0 = Release|Any CPU
		{10D2CAE4-7540-488D-8ABE-AEE2F33B75D9}.Debug|Any CPU.ActiveCfg = Debug|Any CPU
		{10D2CAE4-7540-488D-8ABE-AEE2F33B75D9}.Debug|Any CPU.Build.0 = Debug|Any CPU
		{10D2CAE4-7540-488D-8ABE-AEE2F33B75D9}.Release|Any CPU.ActiveCfg = Release|Any CPU
		{10D2CAE4-7540-488D-8ABE-AEE2F33B75D9}.Release|Any CPU.Build.0 = Release|Any CPU
		{E9B31131-2886-465F-BF1B-E48E9CDC0875}.Debug|Any CPU.ActiveCfg = Debug|Any CPU
		{E9B31131-2886-465F-BF1B-E48E9CDC0875}.Debug|Any CPU.Build.0 = Debug|Any CPU
		{E9B31131-2886-465F-BF1B-E48E9CDC0875}.Release|Any CPU.ActiveCfg = Release|Any CPU
		{E9B31131-2886-465F-BF1B-E48E9CDC0875}.Release|Any CPU.Build.0 = Release|Any CPU
		{87CF47C4-7D26-4AA0-B59C-5962C146E869}.Debug|Any CPU.ActiveCfg = Debug|Any CPU
		{87CF47C4-7D26-4AA0-B59C-5962C146E869}.Debug|Any CPU.Build.0 = Debug|Any CPU
		{87CF47C4-7D26-4AA0-B59C-5962C146E869}.Release|Any CPU.ActiveCfg = Release|Any CPU
		{87CF47C4-7D26-4AA0-B59C-5962C146E869}.Release|Any CPU.Build.0 = Release|Any CPU
		{6C2F593B-800F-41E5-A9B9-C8DF1B9BAE61}.Debug|Any CPU.ActiveCfg = Debug|Any CPU
		{6C2F593B-800F-41E5-A9B9-C8DF1B9BAE61}.Debug|Any CPU.Build.0 = Debug|Any CPU
		{6C2F593B-800F-41E5-A9B9-C8DF1B9BAE61}.Release|Any CPU.ActiveCfg = Release|Any CPU
		{6C2F593B-800F-41E5-A9B9-C8DF1B9BAE61}.Release|Any CPU.Build.0 = Release|Any CPU
		{B555CF6D-2E1C-45A0-BD9B-25A2C6A2C449}.Debug|Any CPU.ActiveCfg = Debug|Any CPU
		{B555CF6D-2E1C-45A0-BD9B-25A2C6A2C449}.Debug|Any CPU.Build.0 = Debug|Any CPU
		{B555CF6D-2E1C-45A0-BD9B-25A2C6A2C449}.Release|Any CPU.ActiveCfg = Release|Any CPU
		{B555CF6D-2E1C-45A0-BD9B-25A2C6A2C449}.Release|Any CPU.Build.0 = Release|Any CPU
		{0351755E-7E36-4EF2-A33F-FE5071C1CD5D}.Debug|Any CPU.ActiveCfg = Debug|Any CPU
		{0351755E-7E36-4EF2-A33F-FE5071C1CD5D}.Debug|Any CPU.Build.0 = Debug|Any CPU
		{0351755E-7E36-4EF2-A33F-FE5071C1CD5D}.Release|Any CPU.ActiveCfg = Release|Any CPU
		{0351755E-7E36-4EF2-A33F-FE5071C1CD5D}.Release|Any CPU.Build.0 = Release|Any CPU
		{1D9D747B-0081-4987-B85C-431311E06D59}.Debug|Any CPU.ActiveCfg = Debug|Any CPU
		{1D9D747B-0081-4987-B85C-431311E06D59}.Debug|Any CPU.Build.0 = Debug|Any CPU
		{1D9D747B-0081-4987-B85C-431311E06D59}.Release|Any CPU.ActiveCfg = Release|Any CPU
		{1D9D747B-0081-4987-B85C-431311E06D59}.Release|Any CPU.Build.0 = Release|Any CPU
		{88AC7E88-2B68-464B-B950-9AC0DA9AC05C}.Debug|Any CPU.ActiveCfg = Debug|Any CPU
		{88AC7E88-2B68-464B-B950-9AC0DA9AC05C}.Debug|Any CPU.Build.0 = Debug|Any CPU
		{88AC7E88-2B68-464B-B950-9AC0DA9AC05C}.Release|Any CPU.ActiveCfg = Release|Any CPU
		{88AC7E88-2B68-464B-B950-9AC0DA9AC05C}.Release|Any CPU.Build.0 = Release|Any CPU
		{2D867DBE-6056-47DC-9957-2137E22AD555}.Debug|Any CPU.ActiveCfg = Debug|Any CPU
		{2D867DBE-6056-47DC-9957-2137E22AD555}.Debug|Any CPU.Build.0 = Debug|Any CPU
		{2D867DBE-6056-47DC-9957-2137E22AD555}.Release|Any CPU.ActiveCfg = Release|Any CPU
		{2D867DBE-6056-47DC-9957-2137E22AD555}.Release|Any CPU.Build.0 = Release|Any CPU
		{F6277D97-C88E-4F7F-8A3B-3EDD6E433ECD}.Debug|Any CPU.ActiveCfg = Debug|Any CPU
		{F6277D97-C88E-4F7F-8A3B-3EDD6E433ECD}.Debug|Any CPU.Build.0 = Debug|Any CPU
		{F6277D97-C88E-4F7F-8A3B-3EDD6E433ECD}.Release|Any CPU.ActiveCfg = Release|Any CPU
		{F6277D97-C88E-4F7F-8A3B-3EDD6E433ECD}.Release|Any CPU.Build.0 = Release|Any CPU
	EndGlobalSection
	GlobalSection(SolutionProperties) = preSolution
		HideSolutionNode = FALSE
	EndGlobalSection
EndGlobal
