
Microsoft Visual Studio Solution File, Format Version 12.00
# Visual Studio 2013
VisualStudioVersion = 12.0.31101.0
MinimumVisualStudioVersion = 10.0.40219.1
Project("{FAE04EC0-301F-11D3-BF4B-00C04F79EFBC}") = "01. ExchangeIfGreater", "01. ExchangeIfGreater\01. ExchangeIfGreater.csproj", "{7EC634D2-21B9-40E3-9859-3273454F321A}"
EndProject
Project("{FAE04EC0-301F-11D3-BF4B-00C04F79EFBC}") = "02. BonusScore", "02. BonusScore\02. BonusScore.csproj", "{DF7796BC-6924-4004-9F96-F7509E389042}"
EndProject
Project("{FAE04EC0-301F-11D3-BF4B-00C04F79EFBC}") = "03. CheckForPlayCard", "03. CheckForPlayCard\03. CheckForPlayCard.csproj", "{49F0624F-9792-4FEE-9B37-9881B7A404B8}"
EndProject
Project("{FAE04EC0-301F-11D3-BF4B-00C04F79EFBC}") = "04. MultiplicationSign", "04. MultiplicationSign\04. MultiplicationSign.csproj", "{E22218F4-5496-4C2E-9B9A-15B7573D04A3}"
EndProject
Project("{FAE04EC0-301F-11D3-BF4B-00C04F79EFBC}") = "06. The Biggest of Five Numbers", "06. The Biggest of Five Numbers\06. The Biggest of Five Numbers.csproj", "{8510F736-2F72-4F47-8314-1DB632A221D2}"
EndProject
Project("{FAE04EC0-301F-11D3-BF4B-00C04F79EFBC}") = "05.The BiggestOfThreeNumbers", "05.The BiggestOfThreeNumbers\05.The BiggestOfThreeNumbers.csproj", "{762E1BF5-F49F-460C-B9E9-9725EBB88BC9}"
EndProject
Project("{FAE04EC0-301F-11D3-BF4B-00C04F79EFBC}") = "07.SortThreeNumbersWithNestedIfs", "07.SortThreeNumbersWithNestedIfs\07.SortThreeNumbersWithNestedIfs.csproj", "{DAB703AB-8175-454D-870E-3149F1147BB9}"
EndProject
Project("{FAE04EC0-301F-11D3-BF4B-00C04F79EFBC}") = "08.DigitAsWord", "08.DigitAsWord\08.DigitAsWord.csproj", "{06050791-0679-43BD-9466-56856104048A}"
EndProject
Project("{FAE04EC0-301F-11D3-BF4B-00C04F79EFBC}") = "09. PlayWithIntDoubleAndString", "09. PlayWithIntDoubleAndString\09. PlayWithIntDoubleAndString.csproj", "{A4B061AD-15A3-41A9-AEDC-D1EBBFDFB5C3}"
EndProject
Project("{FAE04EC0-301F-11D3-BF4B-00C04F79EFBC}") = "12.ZeroSubset", "12.ZeroSubset\12.ZeroSubset.csproj", "{6A234EAA-3076-4EEF-BC7E-73E544A7A7A8}"
EndProject
Project("{FAE04EC0-301F-11D3-BF4B-00C04F79EFBC}") = "11.NumbersAsWords", "11.NumbersAsWords\11.NumbersAsWords.csproj", "{DC8D92AB-6ACA-41E1-A1AB-90F8EECB353D}"
EndProject
Global
	GlobalSection(SolutionConfigurationPlatforms) = preSolution
		Debug|Any CPU = Debug|Any CPU
		Release|Any CPU = Release|Any CPU
	EndGlobalSection
	GlobalSection(ProjectConfigurationPlatforms) = postSolution
		{7EC634D2-21B9-40E3-9859-3273454F321A}.Debug|Any CPU.ActiveCfg = Debug|Any CPU
		{7EC634D2-21B9-40E3-9859-3273454F321A}.Debug|Any CPU.Build.0 = Debug|Any CPU
		{7EC634D2-21B9-40E3-9859-3273454F321A}.Release|Any CPU.ActiveCfg = Release|Any CPU
		{7EC634D2-21B9-40E3-9859-3273454F321A}.Release|Any CPU.Build.0 = Release|Any CPU
		{DF7796BC-6924-4004-9F96-F7509E389042}.Debug|Any CPU.ActiveCfg = Debug|Any CPU
		{DF7796BC-6924-4004-9F96-F7509E389042}.Debug|Any CPU.Build.0 = Debug|Any CPU
		{DF7796BC-6924-4004-9F96-F7509E389042}.Release|Any CPU.ActiveCfg = Release|Any CPU
		{DF7796BC-6924-4004-9F96-F7509E389042}.Release|Any CPU.Build.0 = Release|Any CPU
		{49F0624F-9792-4FEE-9B37-9881B7A404B8}.Debug|Any CPU.ActiveCfg = Debug|Any CPU
		{49F0624F-9792-4FEE-9B37-9881B7A404B8}.Debug|Any CPU.Build.0 = Debug|Any CPU
		{49F0624F-9792-4FEE-9B37-9881B7A404B8}.Release|Any CPU.ActiveCfg = Release|Any CPU
		{49F0624F-9792-4FEE-9B37-9881B7A404B8}.Release|Any CPU.Build.0 = Release|Any CPU
		{E22218F4-5496-4C2E-9B9A-15B7573D04A3}.Debug|Any CPU.ActiveCfg = Debug|Any CPU
		{E22218F4-5496-4C2E-9B9A-15B7573D04A3}.Debug|Any CPU.Build.0 = Debug|Any CPU
		{E22218F4-5496-4C2E-9B9A-15B7573D04A3}.Release|Any CPU.ActiveCfg = Release|Any CPU
		{E22218F4-5496-4C2E-9B9A-15B7573D04A3}.Release|Any CPU.Build.0 = Release|Any CPU
		{8510F736-2F72-4F47-8314-1DB632A221D2}.Debug|Any CPU.ActiveCfg = Debug|Any CPU
		{8510F736-2F72-4F47-8314-1DB632A221D2}.Debug|Any CPU.Build.0 = Debug|Any CPU
		{8510F736-2F72-4F47-8314-1DB632A221D2}.Release|Any CPU.ActiveCfg = Release|Any CPU
		{8510F736-2F72-4F47-8314-1DB632A221D2}.Release|Any CPU.Build.0 = Release|Any CPU
		{762E1BF5-F49F-460C-B9E9-9725EBB88BC9}.Debug|Any CPU.ActiveCfg = Debug|Any CPU
		{762E1BF5-F49F-460C-B9E9-9725EBB88BC9}.Debug|Any CPU.Build.0 = Debug|Any CPU
		{762E1BF5-F49F-460C-B9E9-9725EBB88BC9}.Release|Any CPU.ActiveCfg = Release|Any CPU
		{762E1BF5-F49F-460C-B9E9-9725EBB88BC9}.Release|Any CPU.Build.0 = Release|Any CPU
		{DAB703AB-8175-454D-870E-3149F1147BB9}.Debug|Any CPU.ActiveCfg = Debug|Any CPU
		{DAB703AB-8175-454D-870E-3149F1147BB9}.Debug|Any CPU.Build.0 = Debug|Any CPU
		{DAB703AB-8175-454D-870E-3149F1147BB9}.Release|Any CPU.ActiveCfg = Release|Any CPU
		{DAB703AB-8175-454D-870E-3149F1147BB9}.Release|Any CPU.Build.0 = Release|Any CPU
		{06050791-0679-43BD-9466-56856104048A}.Debug|Any CPU.ActiveCfg = Debug|Any CPU
		{06050791-0679-43BD-9466-56856104048A}.Debug|Any CPU.Build.0 = Debug|Any CPU
		{06050791-0679-43BD-9466-56856104048A}.Release|Any CPU.ActiveCfg = Release|Any CPU
		{06050791-0679-43BD-9466-56856104048A}.Release|Any CPU.Build.0 = Release|Any CPU
		{A4B061AD-15A3-41A9-AEDC-D1EBBFDFB5C3}.Debug|Any CPU.ActiveCfg = Debug|Any CPU
		{A4B061AD-15A3-41A9-AEDC-D1EBBFDFB5C3}.Debug|Any CPU.Build.0 = Debug|Any CPU
		{A4B061AD-15A3-41A9-AEDC-D1EBBFDFB5C3}.Release|Any CPU.ActiveCfg = Release|Any CPU
		{A4B061AD-15A3-41A9-AEDC-D1EBBFDFB5C3}.Release|Any CPU.Build.0 = Release|Any CPU
		{6A234EAA-3076-4EEF-BC7E-73E544A7A7A8}.Debug|Any CPU.ActiveCfg = Debug|Any CPU
		{6A234EAA-3076-4EEF-BC7E-73E544A7A7A8}.Debug|Any CPU.Build.0 = Debug|Any CPU
		{6A234EAA-3076-4EEF-BC7E-73E544A7A7A8}.Release|Any CPU.ActiveCfg = Release|Any CPU
		{6A234EAA-3076-4EEF-BC7E-73E544A7A7A8}.Release|Any CPU.Build.0 = Release|Any CPU
		{DC8D92AB-6ACA-41E1-A1AB-90F8EECB353D}.Debug|Any CPU.ActiveCfg = Debug|Any CPU
		{DC8D92AB-6ACA-41E1-A1AB-90F8EECB353D}.Debug|Any CPU.Build.0 = Debug|Any CPU
		{DC8D92AB-6ACA-41E1-A1AB-90F8EECB353D}.Release|Any CPU.ActiveCfg = Release|Any CPU
		{DC8D92AB-6ACA-41E1-A1AB-90F8EECB353D}.Release|Any CPU.Build.0 = Release|Any CPU
	EndGlobalSection
	GlobalSection(SolutionProperties) = preSolution
		HideSolutionNode = FALSE
	EndGlobalSection
EndGlobal
