
Microsoft Visual Studio Solution File, Format Version 12.00
# Visual Studio 2013
VisualStudioVersion = 12.0.31101.0
MinimumVisualStudioVersion = 10.0.40219.1
Project("{FAE04EC0-301F-11D3-BF4B-00C04F79EFBC}") = "05.PrintYourName", "05-Print-Your-Name\05.PrintYourName.csproj", "{AB68528C-0697-4D89-B142-46D2EB2CAF38}"
EndProject
Project("{FAE04EC0-301F-11D3-BF4B-00C04F79EFBC}") = "06.PrintNumbers", "PrintNumbers\06.PrintNumbers.csproj", "{A74B9ABB-83DC-4477-A78C-7902FEE0DD82}"
EndProject
Project("{FAE04EC0-301F-11D3-BF4B-00C04F79EFBC}") = "07.FirstAndLastName", "07.FirstAndLastName\07.FirstAndLastName.csproj", "{E1FEC7C0-0DD7-4B37-9566-6CF68A4523EE}"
EndProject
Project("{FAE04EC0-301F-11D3-BF4B-00C04F79EFBC}") = "08.SquareRoot", "Square Root\08.SquareRoot.csproj", "{0FF1B81C-9C9C-42C9-B538-95655C1BEF9B}"
EndProject
Project("{FAE04EC0-301F-11D3-BF4B-00C04F79EFBC}") = "09.PrintASequence", "PrintASequence\09.PrintASequence.csproj", "{2441F71A-0384-4654-9B73-D93F930E0E36}"
EndProject
Project("{FAE04EC0-301F-11D3-BF4B-00C04F79EFBC}") = "04.HelloWorld", "04.HelloWorld\04.HelloWorld.csproj", "{147E193E-F6E9-489D-A596-70036BD4273E}"
EndProject
Project("{FAE04EC0-301F-11D3-BF4B-00C04F79EFBC}") = "10.ReformatCSharpCode", "10.ReformatCSharpCode\10.ReformatCSharpCode.csproj", "{371CC180-CA60-4C30-8F3E-73F9C3445B9C}"
EndProject
Project("{2150E333-8FDC-42A3-9474-1A3956D46DE8}") = "Solution Items", "Solution Items", "{5452638B-103A-4AFB-8E3D-8CD958A2C7E9}"
	ProjectSection(SolutionItems) = preProject
		11.ProgrammingLanguages.txt = 11.ProgrammingLanguages.txt
		12.DevelopmentEnviorments.txt = 12.DevelopmentEnviorments.txt
		13.CSharpAndDotNetFramework.txt = 13.CSharpAndDotNetFramework.txt
	EndProjectSection
EndProject
Project("{FAE04EC0-301F-11D3-BF4B-00C04F79EFBC}") = "16.PrintLongSequence", "16.PrintLongSequence\16.PrintLongSequence.csproj", "{29134875-8A0F-41CD-983A-FD221D49B0C9}"
EndProject
Project("{FAE04EC0-301F-11D3-BF4B-00C04F79EFBC}") = "14.CurrentDateAndTime", "14.CurrentDateAndTime\14.CurrentDateAndTime.csproj", "{6258F40A-20E6-4EDF-9F80-0F139709521D}"
EndProject
Project("{FAE04EC0-301F-11D3-BF4B-00C04F79EFBC}") = "15.AgeAfterTenYears", "15.AgeAfterTenYears\15.AgeAfterTenYears.csproj", "{11A12864-48AD-4266-B13B-6D082926411E}"
EndProject
Global
	GlobalSection(SolutionConfigurationPlatforms) = preSolution
		Debug|Any CPU = Debug|Any CPU
		Release|Any CPU = Release|Any CPU
	EndGlobalSection
	GlobalSection(ProjectConfigurationPlatforms) = postSolution
		{AB68528C-0697-4D89-B142-46D2EB2CAF38}.Debug|Any CPU.ActiveCfg = Debug|Any CPU
		{AB68528C-0697-4D89-B142-46D2EB2CAF38}.Debug|Any CPU.Build.0 = Debug|Any CPU
		{AB68528C-0697-4D89-B142-46D2EB2CAF38}.Release|Any CPU.ActiveCfg = Release|Any CPU
		{AB68528C-0697-4D89-B142-46D2EB2CAF38}.Release|Any CPU.Build.0 = Release|Any CPU
		{A74B9ABB-83DC-4477-A78C-7902FEE0DD82}.Debug|Any CPU.ActiveCfg = Debug|Any CPU
		{A74B9ABB-83DC-4477-A78C-7902FEE0DD82}.Debug|Any CPU.Build.0 = Debug|Any CPU
		{A74B9ABB-83DC-4477-A78C-7902FEE0DD82}.Release|Any CPU.ActiveCfg = Release|Any CPU
		{A74B9ABB-83DC-4477-A78C-7902FEE0DD82}.Release|Any CPU.Build.0 = Release|Any CPU
		{E1FEC7C0-0DD7-4B37-9566-6CF68A4523EE}.Debug|Any CPU.ActiveCfg = Debug|Any CPU
		{E1FEC7C0-0DD7-4B37-9566-6CF68A4523EE}.Debug|Any CPU.Build.0 = Debug|Any CPU
		{E1FEC7C0-0DD7-4B37-9566-6CF68A4523EE}.Release|Any CPU.ActiveCfg = Release|Any CPU
		{E1FEC7C0-0DD7-4B37-9566-6CF68A4523EE}.Release|Any CPU.Build.0 = Release|Any CPU
		{0FF1B81C-9C9C-42C9-B538-95655C1BEF9B}.Debug|Any CPU.ActiveCfg = Debug|Any CPU
		{0FF1B81C-9C9C-42C9-B538-95655C1BEF9B}.Debug|Any CPU.Build.0 = Debug|Any CPU
		{0FF1B81C-9C9C-42C9-B538-95655C1BEF9B}.Release|Any CPU.ActiveCfg = Release|Any CPU
		{0FF1B81C-9C9C-42C9-B538-95655C1BEF9B}.Release|Any CPU.Build.0 = Release|Any CPU
		{2441F71A-0384-4654-9B73-D93F930E0E36}.Debug|Any CPU.ActiveCfg = Debug|Any CPU
		{2441F71A-0384-4654-9B73-D93F930E0E36}.Debug|Any CPU.Build.0 = Debug|Any CPU
		{2441F71A-0384-4654-9B73-D93F930E0E36}.Release|Any CPU.ActiveCfg = Release|Any CPU
		{2441F71A-0384-4654-9B73-D93F930E0E36}.Release|Any CPU.Build.0 = Release|Any CPU
		{147E193E-F6E9-489D-A596-70036BD4273E}.Debug|Any CPU.ActiveCfg = Debug|Any CPU
		{147E193E-F6E9-489D-A596-70036BD4273E}.Debug|Any CPU.Build.0 = Debug|Any CPU
		{147E193E-F6E9-489D-A596-70036BD4273E}.Release|Any CPU.ActiveCfg = Release|Any CPU
		{147E193E-F6E9-489D-A596-70036BD4273E}.Release|Any CPU.Build.0 = Release|Any CPU
		{371CC180-CA60-4C30-8F3E-73F9C3445B9C}.Debug|Any CPU.ActiveCfg = Debug|Any CPU
		{371CC180-CA60-4C30-8F3E-73F9C3445B9C}.Debug|Any CPU.Build.0 = Debug|Any CPU
		{371CC180-CA60-4C30-8F3E-73F9C3445B9C}.Release|Any CPU.ActiveCfg = Release|Any CPU
		{371CC180-CA60-4C30-8F3E-73F9C3445B9C}.Release|Any CPU.Build.0 = Release|Any CPU
		{29134875-8A0F-41CD-983A-FD221D49B0C9}.Debug|Any CPU.ActiveCfg = Debug|Any CPU
		{29134875-8A0F-41CD-983A-FD221D49B0C9}.Debug|Any CPU.Build.0 = Debug|Any CPU
		{29134875-8A0F-41CD-983A-FD221D49B0C9}.Release|Any CPU.ActiveCfg = Release|Any CPU
		{29134875-8A0F-41CD-983A-FD221D49B0C9}.Release|Any CPU.Build.0 = Release|Any CPU
		{6258F40A-20E6-4EDF-9F80-0F139709521D}.Debug|Any CPU.ActiveCfg = Debug|Any CPU
		{6258F40A-20E6-4EDF-9F80-0F139709521D}.Debug|Any CPU.Build.0 = Debug|Any CPU
		{6258F40A-20E6-4EDF-9F80-0F139709521D}.Release|Any CPU.ActiveCfg = Release|Any CPU
		{6258F40A-20E6-4EDF-9F80-0F139709521D}.Release|Any CPU.Build.0 = Release|Any CPU
		{11A12864-48AD-4266-B13B-6D082926411E}.Debug|Any CPU.ActiveCfg = Debug|Any CPU
		{11A12864-48AD-4266-B13B-6D082926411E}.Debug|Any CPU.Build.0 = Debug|Any CPU
		{11A12864-48AD-4266-B13B-6D082926411E}.Release|Any CPU.ActiveCfg = Release|Any CPU
		{11A12864-48AD-4266-B13B-6D082926411E}.Release|Any CPU.Build.0 = Release|Any CPU
	EndGlobalSection
	GlobalSection(SolutionProperties) = preSolution
		HideSolutionNode = FALSE
	EndGlobalSection
EndGlobal
