
Microsoft Visual Studio Solution File, Format Version 12.00
# Visual Studio 2013
VisualStudioVersion = 12.0.31101.0
MinimumVisualStudioVersion = 10.0.40219.1
Project("{FAE04EC0-301F-11D3-BF4B-00C04F79EFBC}") = "01. StringsInCSharp", "01. StringsInCSharp\01. StringsInCSharp.csproj", "{2F8E144A-E08D-40BC-B1CA-1A9C79AC2FAA}"
EndProject
Project("{FAE04EC0-301F-11D3-BF4B-00C04F79EFBC}") = "02. ReverseString", "02. ReverseString\02. ReverseString.csproj", "{0064F588-6613-4FE5-94C5-8D023826D537}"
EndProject
Project("{FAE04EC0-301F-11D3-BF4B-00C04F79EFBC}") = "03.CorrectBrackets", "03.CorrectBrackets\03.CorrectBrackets.csproj", "{1413FE64-AC06-4D8B-9813-E7A38FC75395}"
EndProject
Project("{FAE04EC0-301F-11D3-BF4B-00C04F79EFBC}") = "04.SubStringInText", "04.SubStringInText\04.SubStringInText.csproj", "{F25C202E-F7FE-4DFD-9B20-753D7B58FEAB}"
EndProject
Project("{FAE04EC0-301F-11D3-BF4B-00C04F79EFBC}") = "05.ParseTags", "05.ParseTags\05.ParseTags.csproj", "{08247C07-99BD-417E-898A-5DFC10C66DDF}"
EndProject
Project("{FAE04EC0-301F-11D3-BF4B-00C04F79EFBC}") = "06.StringLength", "06.StringLength\06.StringLength.csproj", "{4BF0BC20-B0B1-4357-9926-D719874A9635}"
EndProject
Project("{FAE04EC0-301F-11D3-BF4B-00C04F79EFBC}") = "07.EncodeDecode", "07.EncodeDecode\07.EncodeDecode.csproj", "{1DF417D1-FB3B-48F9-A969-D8F77EF8DF35}"
EndProject
Project("{FAE04EC0-301F-11D3-BF4B-00C04F79EFBC}") = "08.ExtractSentences", "08.ExtractSentences\08.ExtractSentences.csproj", "{F1DC9591-74A7-4A4A-B28E-1391DDF2131C}"
EndProject
Project("{FAE04EC0-301F-11D3-BF4B-00C04F79EFBC}") = "09ForbiddenWords", "09ForbiddenWords\09ForbiddenWords.csproj", "{1C8E3C6B-5F2C-4C61-8FD4-9418B315D281}"
EndProject
Project("{FAE04EC0-301F-11D3-BF4B-00C04F79EFBC}") = "10.UnicodeCharacters", "10.UnicodeCharacters\10.UnicodeCharacters.csproj", "{112252CB-0AE2-4C1E-9382-37CFF9F8A31F}"
EndProject
Project("{FAE04EC0-301F-11D3-BF4B-00C04F79EFBC}") = "11.FormatNumber", "11.FormatNumber\11.FormatNumber.csproj", "{CDB3B8EF-605D-4DA3-8FA8-E74A613F996C}"
EndProject
Project("{FAE04EC0-301F-11D3-BF4B-00C04F79EFBC}") = "12.ParseURL", "12.ParseURL\12.ParseURL.csproj", "{70E4520C-F24F-4439-86DE-5F584E307E3D}"
EndProject
Project("{FAE04EC0-301F-11D3-BF4B-00C04F79EFBC}") = "13.ReverseSentence", "13.ReverseSentence\13.ReverseSentence.csproj", "{6162CDFC-0D7C-4645-A427-BDB61E561C7D}"
EndProject
Project("{FAE04EC0-301F-11D3-BF4B-00C04F79EFBC}") = "14.WordDictionary", "14.WordDictionary\14.WordDictionary.csproj", "{693C8C17-DC7B-4E6A-9D4F-B97CA288EA5A}"
EndProject
Project("{FAE04EC0-301F-11D3-BF4B-00C04F79EFBC}") = "15.ReplaceTags", "15.ReplaceTags\15.ReplaceTags.csproj", "{98EE89EB-CD33-4DEA-B186-495EA20EDFEF}"
EndProject
Project("{FAE04EC0-301F-11D3-BF4B-00C04F79EFBC}") = "16.DateDifference", "16.DateDifference\16.DateDifference.csproj", "{ABF4FDD9-0067-40B8-8662-DFE66BE5D9CE}"
EndProject
Project("{FAE04EC0-301F-11D3-BF4B-00C04F79EFBC}") = "17. Date in Bulgarian", "17. Date in Bulgarian\17. Date in Bulgarian.csproj", "{1FBDD5A6-9326-4AAC-B4FB-562F1D4120FA}"
EndProject
Project("{FAE04EC0-301F-11D3-BF4B-00C04F79EFBC}") = "18.ExtractEmails", "18.ExtractEmails\18.ExtractEmails.csproj", "{2033F989-3046-46B8-A6BF-6C7AFDE4DBC0}"
EndProject
Project("{FAE04EC0-301F-11D3-BF4B-00C04F79EFBC}") = "19.DatesFromTextInCanada", "19.DatesFromTextInCanada\19.DatesFromTextInCanada.csproj", "{9C3ECEE7-194F-4777-8497-ED93C9B5B507}"
EndProject
Project("{FAE04EC0-301F-11D3-BF4B-00C04F79EFBC}") = "20.Palindromes", "20.Palindromes\20.Palindromes.csproj", "{B3F3CB10-0128-4C39-B307-2A7E2B71DE44}"
EndProject
Project("{FAE04EC0-301F-11D3-BF4B-00C04F79EFBC}") = "21.LettersCount", "21.LettersCount\21.LettersCount.csproj", "{E8B91BA3-B398-4206-83F6-D162DAF13CE9}"
EndProject
Project("{FAE04EC0-301F-11D3-BF4B-00C04F79EFBC}") = "22.WordsCount", "22.WordsCount\22.WordsCount.csproj", "{3B1C5C99-CCE2-471A-A5E8-981E39288103}"
EndProject
Project("{FAE04EC0-301F-11D3-BF4B-00C04F79EFBC}") = "23.SeriesOfLetters", "23.SeriesOfLetters\23.SeriesOfLetters.csproj", "{9300E79A-C5AE-4915-9813-6612B163124E}"
EndProject
Project("{FAE04EC0-301F-11D3-BF4B-00C04F79EFBC}") = "24.OrderWords", "24.OrderWords\24.OrderWords.csproj", "{AD42B7E3-AD31-459E-963E-38ED4A4B3936}"
EndProject
Project("{FAE04EC0-301F-11D3-BF4B-00C04F79EFBC}") = "25.ExtractTextFromHTML", "25.ExtractTextFromHTML\25.ExtractTextFromHTML.csproj", "{492EA14D-9B75-4EAC-9F5F-96628E65EB5F}"
EndProject
Global
	GlobalSection(SolutionConfigurationPlatforms) = preSolution
		Debug|Any CPU = Debug|Any CPU
		Release|Any CPU = Release|Any CPU
	EndGlobalSection
	GlobalSection(ProjectConfigurationPlatforms) = postSolution
		{2F8E144A-E08D-40BC-B1CA-1A9C79AC2FAA}.Debug|Any CPU.ActiveCfg = Debug|Any CPU
		{2F8E144A-E08D-40BC-B1CA-1A9C79AC2FAA}.Debug|Any CPU.Build.0 = Debug|Any CPU
		{2F8E144A-E08D-40BC-B1CA-1A9C79AC2FAA}.Release|Any CPU.ActiveCfg = Release|Any CPU
		{2F8E144A-E08D-40BC-B1CA-1A9C79AC2FAA}.Release|Any CPU.Build.0 = Release|Any CPU
		{0064F588-6613-4FE5-94C5-8D023826D537}.Debug|Any CPU.ActiveCfg = Debug|Any CPU
		{0064F588-6613-4FE5-94C5-8D023826D537}.Debug|Any CPU.Build.0 = Debug|Any CPU
		{0064F588-6613-4FE5-94C5-8D023826D537}.Release|Any CPU.ActiveCfg = Release|Any CPU
		{0064F588-6613-4FE5-94C5-8D023826D537}.Release|Any CPU.Build.0 = Release|Any CPU
		{1413FE64-AC06-4D8B-9813-E7A38FC75395}.Debug|Any CPU.ActiveCfg = Debug|Any CPU
		{1413FE64-AC06-4D8B-9813-E7A38FC75395}.Debug|Any CPU.Build.0 = Debug|Any CPU
		{1413FE64-AC06-4D8B-9813-E7A38FC75395}.Release|Any CPU.ActiveCfg = Release|Any CPU
		{1413FE64-AC06-4D8B-9813-E7A38FC75395}.Release|Any CPU.Build.0 = Release|Any CPU
		{F25C202E-F7FE-4DFD-9B20-753D7B58FEAB}.Debug|Any CPU.ActiveCfg = Debug|Any CPU
		{F25C202E-F7FE-4DFD-9B20-753D7B58FEAB}.Debug|Any CPU.Build.0 = Debug|Any CPU
		{F25C202E-F7FE-4DFD-9B20-753D7B58FEAB}.Release|Any CPU.ActiveCfg = Release|Any CPU
		{F25C202E-F7FE-4DFD-9B20-753D7B58FEAB}.Release|Any CPU.Build.0 = Release|Any CPU
		{08247C07-99BD-417E-898A-5DFC10C66DDF}.Debug|Any CPU.ActiveCfg = Debug|Any CPU
		{08247C07-99BD-417E-898A-5DFC10C66DDF}.Debug|Any CPU.Build.0 = Debug|Any CPU
		{08247C07-99BD-417E-898A-5DFC10C66DDF}.Release|Any CPU.ActiveCfg = Release|Any CPU
		{08247C07-99BD-417E-898A-5DFC10C66DDF}.Release|Any CPU.Build.0 = Release|Any CPU
		{4BF0BC20-B0B1-4357-9926-D719874A9635}.Debug|Any CPU.ActiveCfg = Debug|Any CPU
		{4BF0BC20-B0B1-4357-9926-D719874A9635}.Debug|Any CPU.Build.0 = Debug|Any CPU
		{4BF0BC20-B0B1-4357-9926-D719874A9635}.Release|Any CPU.ActiveCfg = Release|Any CPU
		{4BF0BC20-B0B1-4357-9926-D719874A9635}.Release|Any CPU.Build.0 = Release|Any CPU
		{1DF417D1-FB3B-48F9-A969-D8F77EF8DF35}.Debug|Any CPU.ActiveCfg = Debug|Any CPU
		{1DF417D1-FB3B-48F9-A969-D8F77EF8DF35}.Debug|Any CPU.Build.0 = Debug|Any CPU
		{1DF417D1-FB3B-48F9-A969-D8F77EF8DF35}.Release|Any CPU.ActiveCfg = Release|Any CPU
		{1DF417D1-FB3B-48F9-A969-D8F77EF8DF35}.Release|Any CPU.Build.0 = Release|Any CPU
		{F1DC9591-74A7-4A4A-B28E-1391DDF2131C}.Debug|Any CPU.ActiveCfg = Debug|Any CPU
		{F1DC9591-74A7-4A4A-B28E-1391DDF2131C}.Debug|Any CPU.Build.0 = Debug|Any CPU
		{F1DC9591-74A7-4A4A-B28E-1391DDF2131C}.Release|Any CPU.ActiveCfg = Release|Any CPU
		{F1DC9591-74A7-4A4A-B28E-1391DDF2131C}.Release|Any CPU.Build.0 = Release|Any CPU
		{1C8E3C6B-5F2C-4C61-8FD4-9418B315D281}.Debug|Any CPU.ActiveCfg = Debug|Any CPU
		{1C8E3C6B-5F2C-4C61-8FD4-9418B315D281}.Debug|Any CPU.Build.0 = Debug|Any CPU
		{1C8E3C6B-5F2C-4C61-8FD4-9418B315D281}.Release|Any CPU.ActiveCfg = Release|Any CPU
		{1C8E3C6B-5F2C-4C61-8FD4-9418B315D281}.Release|Any CPU.Build.0 = Release|Any CPU
		{112252CB-0AE2-4C1E-9382-37CFF9F8A31F}.Debug|Any CPU.ActiveCfg = Debug|Any CPU
		{112252CB-0AE2-4C1E-9382-37CFF9F8A31F}.Debug|Any CPU.Build.0 = Debug|Any CPU
		{112252CB-0AE2-4C1E-9382-37CFF9F8A31F}.Release|Any CPU.ActiveCfg = Release|Any CPU
		{112252CB-0AE2-4C1E-9382-37CFF9F8A31F}.Release|Any CPU.Build.0 = Release|Any CPU
		{CDB3B8EF-605D-4DA3-8FA8-E74A613F996C}.Debug|Any CPU.ActiveCfg = Debug|Any CPU
		{CDB3B8EF-605D-4DA3-8FA8-E74A613F996C}.Debug|Any CPU.Build.0 = Debug|Any CPU
		{CDB3B8EF-605D-4DA3-8FA8-E74A613F996C}.Release|Any CPU.ActiveCfg = Release|Any CPU
		{CDB3B8EF-605D-4DA3-8FA8-E74A613F996C}.Release|Any CPU.Build.0 = Release|Any CPU
		{70E4520C-F24F-4439-86DE-5F584E307E3D}.Debug|Any CPU.ActiveCfg = Debug|Any CPU
		{70E4520C-F24F-4439-86DE-5F584E307E3D}.Debug|Any CPU.Build.0 = Debug|Any CPU
		{70E4520C-F24F-4439-86DE-5F584E307E3D}.Release|Any CPU.ActiveCfg = Release|Any CPU
		{70E4520C-F24F-4439-86DE-5F584E307E3D}.Release|Any CPU.Build.0 = Release|Any CPU
		{6162CDFC-0D7C-4645-A427-BDB61E561C7D}.Debug|Any CPU.ActiveCfg = Debug|Any CPU
		{6162CDFC-0D7C-4645-A427-BDB61E561C7D}.Debug|Any CPU.Build.0 = Debug|Any CPU
		{6162CDFC-0D7C-4645-A427-BDB61E561C7D}.Release|Any CPU.ActiveCfg = Release|Any CPU
		{6162CDFC-0D7C-4645-A427-BDB61E561C7D}.Release|Any CPU.Build.0 = Release|Any CPU
		{693C8C17-DC7B-4E6A-9D4F-B97CA288EA5A}.Debug|Any CPU.ActiveCfg = Debug|Any CPU
		{693C8C17-DC7B-4E6A-9D4F-B97CA288EA5A}.Debug|Any CPU.Build.0 = Debug|Any CPU
		{693C8C17-DC7B-4E6A-9D4F-B97CA288EA5A}.Release|Any CPU.ActiveCfg = Release|Any CPU
		{693C8C17-DC7B-4E6A-9D4F-B97CA288EA5A}.Release|Any CPU.Build.0 = Release|Any CPU
		{98EE89EB-CD33-4DEA-B186-495EA20EDFEF}.Debug|Any CPU.ActiveCfg = Debug|Any CPU
		{98EE89EB-CD33-4DEA-B186-495EA20EDFEF}.Debug|Any CPU.Build.0 = Debug|Any CPU
		{98EE89EB-CD33-4DEA-B186-495EA20EDFEF}.Release|Any CPU.ActiveCfg = Release|Any CPU
		{98EE89EB-CD33-4DEA-B186-495EA20EDFEF}.Release|Any CPU.Build.0 = Release|Any CPU
		{ABF4FDD9-0067-40B8-8662-DFE66BE5D9CE}.Debug|Any CPU.ActiveCfg = Debug|Any CPU
		{ABF4FDD9-0067-40B8-8662-DFE66BE5D9CE}.Debug|Any CPU.Build.0 = Debug|Any CPU
		{ABF4FDD9-0067-40B8-8662-DFE66BE5D9CE}.Release|Any CPU.ActiveCfg = Release|Any CPU
		{ABF4FDD9-0067-40B8-8662-DFE66BE5D9CE}.Release|Any CPU.Build.0 = Release|Any CPU
		{1FBDD5A6-9326-4AAC-B4FB-562F1D4120FA}.Debug|Any CPU.ActiveCfg = Debug|Any CPU
		{1FBDD5A6-9326-4AAC-B4FB-562F1D4120FA}.Debug|Any CPU.Build.0 = Debug|Any CPU
		{1FBDD5A6-9326-4AAC-B4FB-562F1D4120FA}.Release|Any CPU.ActiveCfg = Release|Any CPU
		{1FBDD5A6-9326-4AAC-B4FB-562F1D4120FA}.Release|Any CPU.Build.0 = Release|Any CPU
		{2033F989-3046-46B8-A6BF-6C7AFDE4DBC0}.Debug|Any CPU.ActiveCfg = Debug|Any CPU
		{2033F989-3046-46B8-A6BF-6C7AFDE4DBC0}.Debug|Any CPU.Build.0 = Debug|Any CPU
		{2033F989-3046-46B8-A6BF-6C7AFDE4DBC0}.Release|Any CPU.ActiveCfg = Release|Any CPU
		{2033F989-3046-46B8-A6BF-6C7AFDE4DBC0}.Release|Any CPU.Build.0 = Release|Any CPU
		{9C3ECEE7-194F-4777-8497-ED93C9B5B507}.Debug|Any CPU.ActiveCfg = Debug|Any CPU
		{9C3ECEE7-194F-4777-8497-ED93C9B5B507}.Debug|Any CPU.Build.0 = Debug|Any CPU
		{9C3ECEE7-194F-4777-8497-ED93C9B5B507}.Release|Any CPU.ActiveCfg = Release|Any CPU
		{9C3ECEE7-194F-4777-8497-ED93C9B5B507}.Release|Any CPU.Build.0 = Release|Any CPU
		{B3F3CB10-0128-4C39-B307-2A7E2B71DE44}.Debug|Any CPU.ActiveCfg = Debug|Any CPU
		{B3F3CB10-0128-4C39-B307-2A7E2B71DE44}.Debug|Any CPU.Build.0 = Debug|Any CPU
		{B3F3CB10-0128-4C39-B307-2A7E2B71DE44}.Release|Any CPU.ActiveCfg = Release|Any CPU
		{B3F3CB10-0128-4C39-B307-2A7E2B71DE44}.Release|Any CPU.Build.0 = Release|Any CPU
		{E8B91BA3-B398-4206-83F6-D162DAF13CE9}.Debug|Any CPU.ActiveCfg = Debug|Any CPU
		{E8B91BA3-B398-4206-83F6-D162DAF13CE9}.Debug|Any CPU.Build.0 = Debug|Any CPU
		{E8B91BA3-B398-4206-83F6-D162DAF13CE9}.Release|Any CPU.ActiveCfg = Release|Any CPU
		{E8B91BA3-B398-4206-83F6-D162DAF13CE9}.Release|Any CPU.Build.0 = Release|Any CPU
		{3B1C5C99-CCE2-471A-A5E8-981E39288103}.Debug|Any CPU.ActiveCfg = Debug|Any CPU
		{3B1C5C99-CCE2-471A-A5E8-981E39288103}.Debug|Any CPU.Build.0 = Debug|Any CPU
		{3B1C5C99-CCE2-471A-A5E8-981E39288103}.Release|Any CPU.ActiveCfg = Release|Any CPU
		{3B1C5C99-CCE2-471A-A5E8-981E39288103}.Release|Any CPU.Build.0 = Release|Any CPU
		{9300E79A-C5AE-4915-9813-6612B163124E}.Debug|Any CPU.ActiveCfg = Debug|Any CPU
		{9300E79A-C5AE-4915-9813-6612B163124E}.Debug|Any CPU.Build.0 = Debug|Any CPU
		{9300E79A-C5AE-4915-9813-6612B163124E}.Release|Any CPU.ActiveCfg = Release|Any CPU
		{9300E79A-C5AE-4915-9813-6612B163124E}.Release|Any CPU.Build.0 = Release|Any CPU
		{AD42B7E3-AD31-459E-963E-38ED4A4B3936}.Debug|Any CPU.ActiveCfg = Debug|Any CPU
		{AD42B7E3-AD31-459E-963E-38ED4A4B3936}.Debug|Any CPU.Build.0 = Debug|Any CPU
		{AD42B7E3-AD31-459E-963E-38ED4A4B3936}.Release|Any CPU.ActiveCfg = Release|Any CPU
		{AD42B7E3-AD31-459E-963E-38ED4A4B3936}.Release|Any CPU.Build.0 = Release|Any CPU
		{492EA14D-9B75-4EAC-9F5F-96628E65EB5F}.Debug|Any CPU.ActiveCfg = Debug|Any CPU
		{492EA14D-9B75-4EAC-9F5F-96628E65EB5F}.Debug|Any CPU.Build.0 = Debug|Any CPU
		{492EA14D-9B75-4EAC-9F5F-96628E65EB5F}.Release|Any CPU.ActiveCfg = Release|Any CPU
		{492EA14D-9B75-4EAC-9F5F-96628E65EB5F}.Release|Any CPU.Build.0 = Release|Any CPU
	EndGlobalSection
	GlobalSection(SolutionProperties) = preSolution
		HideSolutionNode = FALSE
	EndGlobalSection
EndGlobal
