
Microsoft Visual Studio Solution File, Format Version 12.00
# Visual Studio 2013
VisualStudioVersion = 12.0.31101.0
MinimumVisualStudioVersion = 10.0.40219.1
Project("{FAE04EC0-301F-11D3-BF4B-00C04F79EFBC}") = "02. NumbersNotDivisibleBy 3and 7", "02. NumbersNotDivisibleBy 3and 7\02. NumbersNotDivisibleBy 3and 7.csproj", "{987D9502-F486-48A9-AFAE-745C36996525}"
EndProject
Project("{FAE04EC0-301F-11D3-BF4B-00C04F79EFBC}") = "03. MinMaxSumAverageN- Numbers", "3. MinMaxSumAverageN- Numbers\03. MinMaxSumAverageN- Numbers.csproj", "{0DB49E2B-E901-4F1D-BB74-A4CF6AB29279}"
EndProject
Project("{FAE04EC0-301F-11D3-BF4B-00C04F79EFBC}") = "01.NumbersFromOneToN", "01.NumbersFromOneToN\01.NumbersFromOneToN.csproj", "{9BAAB372-AA37-456F-B69E-E2949847A2DD}"
EndProject
Project("{FAE04EC0-301F-11D3-BF4B-00C04F79EFBC}") = "04.PrintDeck52Cards", "04.PrintDeck52Cards\04.PrintDeck52Cards.csproj", "{C6626B80-9A82-4C3E-859E-9FFDEB34C0D0}"
EndProject
Project("{FAE04EC0-301F-11D3-BF4B-00C04F79EFBC}") = "05.Calculate", "05.Calculate\05.Calculate.csproj", "{F384F505-062B-471D-B126-9352796AF499}"
EndProject
Project("{FAE04EC0-301F-11D3-BF4B-00C04F79EFBC}") = "06.CalculationTwo", "06.CalculationTwo\06.CalculationTwo.csproj", "{D6096556-BF2C-4D63-835A-D5CA72425057}"
EndProject
Project("{FAE04EC0-301F-11D3-BF4B-00C04F79EFBC}") = "07.CalculatinTree", "07.CalculatinTree\07.CalculatinTree.csproj", "{50953957-6EEF-4E47-853F-F34B265BA5C0}"
EndProject
Project("{FAE04EC0-301F-11D3-BF4B-00C04F79EFBC}") = "08. Catalan Numbers", "08. Catalan Numbers\08. Catalan Numbers.csproj", "{BADF4779-1905-4937-90C2-9B1E0CB5068D}"
EndProject
Project("{FAE04EC0-301F-11D3-BF4B-00C04F79EFBC}") = "09. MatrixOfNumbers", "09. MatrixOfNumbers\09. MatrixOfNumbers.csproj", "{358354C1-AF7D-433B-9E78-326D70E02CAC}"
EndProject
Project("{FAE04EC0-301F-11D3-BF4B-00C04F79EFBC}") = "10. OddEvenProduct", "10. OddEvenProduct\10. OddEvenProduct.csproj", "{B5385ED2-BF24-4B9E-B8EF-1C75B76155CC}"
EndProject
Project("{FAE04EC0-301F-11D3-BF4B-00C04F79EFBC}") = "11. Random Numbers in Given Range", "11. Random Numbers in Given Range\11. Random Numbers in Given Range.csproj", "{0E7A9020-887B-493B-AA6D-216B8D9679F5}"
EndProject
Project("{FAE04EC0-301F-11D3-BF4B-00C04F79EFBC}") = "12. RandomizeNumbers1-N", "12. RandomizeNumbers1-N\12. RandomizeNumbers1-N.csproj", "{8D56F24D-DD93-4F34-91E2-BDF244A2C768}"
EndProject
Project("{FAE04EC0-301F-11D3-BF4B-00C04F79EFBC}") = "13. Binary to Decimal Number", "13. Binary to Decimal Number\13. Binary to Decimal Number.csproj", "{5191FA2A-537D-4E26-A450-19E7E12597EC}"
EndProject
Project("{FAE04EC0-301F-11D3-BF4B-00C04F79EFBC}") = "14. DecimalToBinaryNumber", "14. Decimal  Binary Number\14. DecimalToBinaryNumber.csproj", "{30CFFEC4-98B9-4237-BE71-C7905160C9FF}"
EndProject
Project("{FAE04EC0-301F-11D3-BF4B-00C04F79EFBC}") = "15. HexadecimalToDecimalNumber", "15. HexadecimalToDecimalNumber\15. HexadecimalToDecimalNumber.csproj", "{4CE693FE-7940-45B7-A2CC-BB5BDE5DBDFC}"
EndProject
Project("{FAE04EC0-301F-11D3-BF4B-00C04F79EFBC}") = "16. DecimalToHexadecimalNumber", "16. DecimalToHexadecimalNumber\16. DecimalToHexadecimalNumber.csproj", "{AF8A1B62-B484-473D-A5F3-2F69C42565C0}"
EndProject
Global
	GlobalSection(SolutionConfigurationPlatforms) = preSolution
		Debug|Any CPU = Debug|Any CPU
		Release|Any CPU = Release|Any CPU
	EndGlobalSection
	GlobalSection(ProjectConfigurationPlatforms) = postSolution
		{987D9502-F486-48A9-AFAE-745C36996525}.Debug|Any CPU.ActiveCfg = Debug|Any CPU
		{987D9502-F486-48A9-AFAE-745C36996525}.Debug|Any CPU.Build.0 = Debug|Any CPU
		{987D9502-F486-48A9-AFAE-745C36996525}.Release|Any CPU.ActiveCfg = Release|Any CPU
		{987D9502-F486-48A9-AFAE-745C36996525}.Release|Any CPU.Build.0 = Release|Any CPU
		{0DB49E2B-E901-4F1D-BB74-A4CF6AB29279}.Debug|Any CPU.ActiveCfg = Debug|Any CPU
		{0DB49E2B-E901-4F1D-BB74-A4CF6AB29279}.Debug|Any CPU.Build.0 = Debug|Any CPU
		{0DB49E2B-E901-4F1D-BB74-A4CF6AB29279}.Release|Any CPU.ActiveCfg = Release|Any CPU
		{0DB49E2B-E901-4F1D-BB74-A4CF6AB29279}.Release|Any CPU.Build.0 = Release|Any CPU
		{9BAAB372-AA37-456F-B69E-E2949847A2DD}.Debug|Any CPU.ActiveCfg = Debug|Any CPU
		{9BAAB372-AA37-456F-B69E-E2949847A2DD}.Debug|Any CPU.Build.0 = Debug|Any CPU
		{9BAAB372-AA37-456F-B69E-E2949847A2DD}.Release|Any CPU.ActiveCfg = Release|Any CPU
		{9BAAB372-AA37-456F-B69E-E2949847A2DD}.Release|Any CPU.Build.0 = Release|Any CPU
		{C6626B80-9A82-4C3E-859E-9FFDEB34C0D0}.Debug|Any CPU.ActiveCfg = Debug|Any CPU
		{C6626B80-9A82-4C3E-859E-9FFDEB34C0D0}.Debug|Any CPU.Build.0 = Debug|Any CPU
		{C6626B80-9A82-4C3E-859E-9FFDEB34C0D0}.Release|Any CPU.ActiveCfg = Release|Any CPU
		{C6626B80-9A82-4C3E-859E-9FFDEB34C0D0}.Release|Any CPU.Build.0 = Release|Any CPU
		{F384F505-062B-471D-B126-9352796AF499}.Debug|Any CPU.ActiveCfg = Debug|Any CPU
		{F384F505-062B-471D-B126-9352796AF499}.Debug|Any CPU.Build.0 = Debug|Any CPU
		{F384F505-062B-471D-B126-9352796AF499}.Release|Any CPU.ActiveCfg = Release|Any CPU
		{F384F505-062B-471D-B126-9352796AF499}.Release|Any CPU.Build.0 = Release|Any CPU
		{D6096556-BF2C-4D63-835A-D5CA72425057}.Debug|Any CPU.ActiveCfg = Debug|Any CPU
		{D6096556-BF2C-4D63-835A-D5CA72425057}.Debug|Any CPU.Build.0 = Debug|Any CPU
		{D6096556-BF2C-4D63-835A-D5CA72425057}.Release|Any CPU.ActiveCfg = Release|Any CPU
		{D6096556-BF2C-4D63-835A-D5CA72425057}.Release|Any CPU.Build.0 = Release|Any CPU
		{50953957-6EEF-4E47-853F-F34B265BA5C0}.Debug|Any CPU.ActiveCfg = Debug|Any CPU
		{50953957-6EEF-4E47-853F-F34B265BA5C0}.Debug|Any CPU.Build.0 = Debug|Any CPU
		{50953957-6EEF-4E47-853F-F34B265BA5C0}.Release|Any CPU.ActiveCfg = Release|Any CPU
		{50953957-6EEF-4E47-853F-F34B265BA5C0}.Release|Any CPU.Build.0 = Release|Any CPU
		{BADF4779-1905-4937-90C2-9B1E0CB5068D}.Debug|Any CPU.ActiveCfg = Debug|Any CPU
		{BADF4779-1905-4937-90C2-9B1E0CB5068D}.Debug|Any CPU.Build.0 = Debug|Any CPU
		{BADF4779-1905-4937-90C2-9B1E0CB5068D}.Release|Any CPU.ActiveCfg = Release|Any CPU
		{BADF4779-1905-4937-90C2-9B1E0CB5068D}.Release|Any CPU.Build.0 = Release|Any CPU
		{358354C1-AF7D-433B-9E78-326D70E02CAC}.Debug|Any CPU.ActiveCfg = Debug|Any CPU
		{358354C1-AF7D-433B-9E78-326D70E02CAC}.Debug|Any CPU.Build.0 = Debug|Any CPU
		{358354C1-AF7D-433B-9E78-326D70E02CAC}.Release|Any CPU.ActiveCfg = Release|Any CPU
		{358354C1-AF7D-433B-9E78-326D70E02CAC}.Release|Any CPU.Build.0 = Release|Any CPU
		{B5385ED2-BF24-4B9E-B8EF-1C75B76155CC}.Debug|Any CPU.ActiveCfg = Debug|Any CPU
		{B5385ED2-BF24-4B9E-B8EF-1C75B76155CC}.Debug|Any CPU.Build.0 = Debug|Any CPU
		{B5385ED2-BF24-4B9E-B8EF-1C75B76155CC}.Release|Any CPU.ActiveCfg = Release|Any CPU
		{B5385ED2-BF24-4B9E-B8EF-1C75B76155CC}.Release|Any CPU.Build.0 = Release|Any CPU
		{0E7A9020-887B-493B-AA6D-216B8D9679F5}.Debug|Any CPU.ActiveCfg = Debug|Any CPU
		{0E7A9020-887B-493B-AA6D-216B8D9679F5}.Debug|Any CPU.Build.0 = Debug|Any CPU
		{0E7A9020-887B-493B-AA6D-216B8D9679F5}.Release|Any CPU.ActiveCfg = Release|Any CPU
		{0E7A9020-887B-493B-AA6D-216B8D9679F5}.Release|Any CPU.Build.0 = Release|Any CPU
		{8D56F24D-DD93-4F34-91E2-BDF244A2C768}.Debug|Any CPU.ActiveCfg = Debug|Any CPU
		{8D56F24D-DD93-4F34-91E2-BDF244A2C768}.Debug|Any CPU.Build.0 = Debug|Any CPU
		{8D56F24D-DD93-4F34-91E2-BDF244A2C768}.Release|Any CPU.ActiveCfg = Release|Any CPU
		{8D56F24D-DD93-4F34-91E2-BDF244A2C768}.Release|Any CPU.Build.0 = Release|Any CPU
		{5191FA2A-537D-4E26-A450-19E7E12597EC}.Debug|Any CPU.ActiveCfg = Debug|Any CPU
		{5191FA2A-537D-4E26-A450-19E7E12597EC}.Debug|Any CPU.Build.0 = Debug|Any CPU
		{5191FA2A-537D-4E26-A450-19E7E12597EC}.Release|Any CPU.ActiveCfg = Release|Any CPU
		{5191FA2A-537D-4E26-A450-19E7E12597EC}.Release|Any CPU.Build.0 = Release|Any CPU
		{30CFFEC4-98B9-4237-BE71-C7905160C9FF}.Debug|Any CPU.ActiveCfg = Debug|Any CPU
		{30CFFEC4-98B9-4237-BE71-C7905160C9FF}.Debug|Any CPU.Build.0 = Debug|Any CPU
		{30CFFEC4-98B9-4237-BE71-C7905160C9FF}.Release|Any CPU.ActiveCfg = Release|Any CPU
		{30CFFEC4-98B9-4237-BE71-C7905160C9FF}.Release|Any CPU.Build.0 = Release|Any CPU
		{4CE693FE-7940-45B7-A2CC-BB5BDE5DBDFC}.Debug|Any CPU.ActiveCfg = Debug|Any CPU
		{4CE693FE-7940-45B7-A2CC-BB5BDE5DBDFC}.Debug|Any CPU.Build.0 = Debug|Any CPU
		{4CE693FE-7940-45B7-A2CC-BB5BDE5DBDFC}.Release|Any CPU.ActiveCfg = Release|Any CPU
		{4CE693FE-7940-45B7-A2CC-BB5BDE5DBDFC}.Release|Any CPU.Build.0 = Release|Any CPU
		{AF8A1B62-B484-473D-A5F3-2F69C42565C0}.Debug|Any CPU.ActiveCfg = Debug|Any CPU
		{AF8A1B62-B484-473D-A5F3-2F69C42565C0}.Debug|Any CPU.Build.0 = Debug|Any CPU
		{AF8A1B62-B484-473D-A5F3-2F69C42565C0}.Release|Any CPU.ActiveCfg = Release|Any CPU
		{AF8A1B62-B484-473D-A5F3-2F69C42565C0}.Release|Any CPU.Build.0 = Release|Any CPU
	EndGlobalSection
	GlobalSection(SolutionProperties) = preSolution
		HideSolutionNode = FALSE
	EndGlobalSection
EndGlobal
