
Microsoft Visual Studio Solution File, Format Version 12.00
# Visual Studio 2013
VisualStudioVersion = 12.0.31101.0
MinimumVisualStudioVersion = 10.0.40219.1
Project("{FAE04EC0-301F-11D3-BF4B-00C04F79EFBC}") = "01. Odd lines", "1. Odd lines\01. Odd lines.csproj", "{B2315251-C642-4A47-A911-C826FF882B7C}"
EndProject
Project("{FAE04EC0-301F-11D3-BF4B-00C04F79EFBC}") = "02.ConcatenateTextFiles", "02.ConcatenateTextFiles\02.ConcatenateTextFiles.csproj", "{CB597F58-AC38-4C8C-91D1-05FA85E80662}"
EndProject
Project("{FAE04EC0-301F-11D3-BF4B-00C04F79EFBC}") = "03.LineNumbers", "03.LineNumbers\03.LineNumbers.csproj", "{3B7A2E29-26EE-4A54-9C25-FCBE96B10F9C}"
EndProject
Project("{FAE04EC0-301F-11D3-BF4B-00C04F79EFBC}") = "04.CompareTextFiles", "04.CompareTextFiles\04.CompareTextFiles.csproj", "{8419ADE9-9D1C-45E5-9BEA-7DE33683D3A0}"
EndProject
Project("{FAE04EC0-301F-11D3-BF4B-00C04F79EFBC}") = "05.MaximalAreaSum", "05.MaximalAreaSum\05.MaximalAreaSum.csproj", "{9F5829B8-6916-43E3-A154-47F0CD1B1928}"
EndProject
Project("{FAE04EC0-301F-11D3-BF4B-00C04F79EFBC}") = "06.SaveSortedNames", "06.SaveSortedNames\06.SaveSortedNames.csproj", "{B8A1431B-A2F0-4B39-890F-FC2612ADB17C}"
EndProject
Project("{FAE04EC0-301F-11D3-BF4B-00C04F79EFBC}") = "07. ReplaceSubString", "07. ReplaceSubString\07. ReplaceSubString.csproj", "{55FFAC4B-508E-48D8-AD6D-A9D42B385A58}"
EndProject
Project("{FAE04EC0-301F-11D3-BF4B-00C04F79EFBC}") = "08.ReplaceWholeWord", "8. Replace whole word\08.ReplaceWholeWord.csproj", "{D059998C-E6F1-447C-831D-5BECC20A1093}"
EndProject
Project("{FAE04EC0-301F-11D3-BF4B-00C04F79EFBC}") = "09.DeleteOddLines", "09.DeleteOddLines\09.DeleteOddLines.csproj", "{F4DE58BC-151A-4347-9F65-A1B70808544C}"
EndProject
Project("{FAE04EC0-301F-11D3-BF4B-00C04F79EFBC}") = "10.ExtractTextFromXML", "10.ExtractTextFromXML\10.ExtractTextFromXML.csproj", "{99662642-EC52-4A8A-956B-49A02E13ECEB}"
EndProject
Project("{FAE04EC0-301F-11D3-BF4B-00C04F79EFBC}") = "11.PrefixTest", "11.PrefixTest\11.PrefixTest.csproj", "{C62CF01A-B808-480D-9941-131AAC4713CC}"
EndProject
Project("{FAE04EC0-301F-11D3-BF4B-00C04F79EFBC}") = "12.RemoveWords", "12.RemoveWords\12.RemoveWords.csproj", "{6BB25A36-CD40-44D1-AEEE-4A231EFC0E62}"
EndProject
Project("{FAE04EC0-301F-11D3-BF4B-00C04F79EFBC}") = "13.CountWords", "13.CountWords\13.CountWords.csproj", "{F446462A-9098-4D6B-A2CB-12537D5C7EB6}"
EndProject
Global
	GlobalSection(SolutionConfigurationPlatforms) = preSolution
		Debug|Any CPU = Debug|Any CPU
		Release|Any CPU = Release|Any CPU
	EndGlobalSection
	GlobalSection(ProjectConfigurationPlatforms) = postSolution
		{B2315251-C642-4A47-A911-C826FF882B7C}.Debug|Any CPU.ActiveCfg = Debug|Any CPU
		{B2315251-C642-4A47-A911-C826FF882B7C}.Debug|Any CPU.Build.0 = Debug|Any CPU
		{B2315251-C642-4A47-A911-C826FF882B7C}.Release|Any CPU.ActiveCfg = Release|Any CPU
		{B2315251-C642-4A47-A911-C826FF882B7C}.Release|Any CPU.Build.0 = Release|Any CPU
		{CB597F58-AC38-4C8C-91D1-05FA85E80662}.Debug|Any CPU.ActiveCfg = Debug|Any CPU
		{CB597F58-AC38-4C8C-91D1-05FA85E80662}.Debug|Any CPU.Build.0 = Debug|Any CPU
		{CB597F58-AC38-4C8C-91D1-05FA85E80662}.Release|Any CPU.ActiveCfg = Release|Any CPU
		{CB597F58-AC38-4C8C-91D1-05FA85E80662}.Release|Any CPU.Build.0 = Release|Any CPU
		{3B7A2E29-26EE-4A54-9C25-FCBE96B10F9C}.Debug|Any CPU.ActiveCfg = Debug|Any CPU
		{3B7A2E29-26EE-4A54-9C25-FCBE96B10F9C}.Debug|Any CPU.Build.0 = Debug|Any CPU
		{3B7A2E29-26EE-4A54-9C25-FCBE96B10F9C}.Release|Any CPU.ActiveCfg = Release|Any CPU
		{3B7A2E29-26EE-4A54-9C25-FCBE96B10F9C}.Release|Any CPU.Build.0 = Release|Any CPU
		{8419ADE9-9D1C-45E5-9BEA-7DE33683D3A0}.Debug|Any CPU.ActiveCfg = Debug|Any CPU
		{8419ADE9-9D1C-45E5-9BEA-7DE33683D3A0}.Debug|Any CPU.Build.0 = Debug|Any CPU
		{8419ADE9-9D1C-45E5-9BEA-7DE33683D3A0}.Release|Any CPU.ActiveCfg = Release|Any CPU
		{8419ADE9-9D1C-45E5-9BEA-7DE33683D3A0}.Release|Any CPU.Build.0 = Release|Any CPU
		{9F5829B8-6916-43E3-A154-47F0CD1B1928}.Debug|Any CPU.ActiveCfg = Debug|Any CPU
		{9F5829B8-6916-43E3-A154-47F0CD1B1928}.Debug|Any CPU.Build.0 = Debug|Any CPU
		{9F5829B8-6916-43E3-A154-47F0CD1B1928}.Release|Any CPU.ActiveCfg = Release|Any CPU
		{9F5829B8-6916-43E3-A154-47F0CD1B1928}.Release|Any CPU.Build.0 = Release|Any CPU
		{B8A1431B-A2F0-4B39-890F-FC2612ADB17C}.Debug|Any CPU.ActiveCfg = Debug|Any CPU
		{B8A1431B-A2F0-4B39-890F-FC2612ADB17C}.Debug|Any CPU.Build.0 = Debug|Any CPU
		{B8A1431B-A2F0-4B39-890F-FC2612ADB17C}.Release|Any CPU.ActiveCfg = Release|Any CPU
		{B8A1431B-A2F0-4B39-890F-FC2612ADB17C}.Release|Any CPU.Build.0 = Release|Any CPU
		{55FFAC4B-508E-48D8-AD6D-A9D42B385A58}.Debug|Any CPU.ActiveCfg = Debug|Any CPU
		{55FFAC4B-508E-48D8-AD6D-A9D42B385A58}.Debug|Any CPU.Build.0 = Debug|Any CPU
		{55FFAC4B-508E-48D8-AD6D-A9D42B385A58}.Release|Any CPU.ActiveCfg = Release|Any CPU
		{55FFAC4B-508E-48D8-AD6D-A9D42B385A58}.Release|Any CPU.Build.0 = Release|Any CPU
		{D059998C-E6F1-447C-831D-5BECC20A1093}.Debug|Any CPU.ActiveCfg = Debug|Any CPU
		{D059998C-E6F1-447C-831D-5BECC20A1093}.Debug|Any CPU.Build.0 = Debug|Any CPU
		{D059998C-E6F1-447C-831D-5BECC20A1093}.Release|Any CPU.ActiveCfg = Release|Any CPU
		{D059998C-E6F1-447C-831D-5BECC20A1093}.Release|Any CPU.Build.0 = Release|Any CPU
		{F4DE58BC-151A-4347-9F65-A1B70808544C}.Debug|Any CPU.ActiveCfg = Debug|Any CPU
		{F4DE58BC-151A-4347-9F65-A1B70808544C}.Debug|Any CPU.Build.0 = Debug|Any CPU
		{F4DE58BC-151A-4347-9F65-A1B70808544C}.Release|Any CPU.ActiveCfg = Release|Any CPU
		{F4DE58BC-151A-4347-9F65-A1B70808544C}.Release|Any CPU.Build.0 = Release|Any CPU
		{99662642-EC52-4A8A-956B-49A02E13ECEB}.Debug|Any CPU.ActiveCfg = Debug|Any CPU
		{99662642-EC52-4A8A-956B-49A02E13ECEB}.Debug|Any CPU.Build.0 = Debug|Any CPU
		{99662642-EC52-4A8A-956B-49A02E13ECEB}.Release|Any CPU.ActiveCfg = Release|Any CPU
		{99662642-EC52-4A8A-956B-49A02E13ECEB}.Release|Any CPU.Build.0 = Release|Any CPU
		{C62CF01A-B808-480D-9941-131AAC4713CC}.Debug|Any CPU.ActiveCfg = Debug|Any CPU
		{C62CF01A-B808-480D-9941-131AAC4713CC}.Debug|Any CPU.Build.0 = Debug|Any CPU
		{C62CF01A-B808-480D-9941-131AAC4713CC}.Release|Any CPU.ActiveCfg = Release|Any CPU
		{C62CF01A-B808-480D-9941-131AAC4713CC}.Release|Any CPU.Build.0 = Release|Any CPU
		{6BB25A36-CD40-44D1-AEEE-4A231EFC0E62}.Debug|Any CPU.ActiveCfg = Debug|Any CPU
		{6BB25A36-CD40-44D1-AEEE-4A231EFC0E62}.Debug|Any CPU.Build.0 = Debug|Any CPU
		{6BB25A36-CD40-44D1-AEEE-4A231EFC0E62}.Release|Any CPU.ActiveCfg = Release|Any CPU
		{6BB25A36-CD40-44D1-AEEE-4A231EFC0E62}.Release|Any CPU.Build.0 = Release|Any CPU
		{F446462A-9098-4D6B-A2CB-12537D5C7EB6}.Debug|Any CPU.ActiveCfg = Debug|Any CPU
		{F446462A-9098-4D6B-A2CB-12537D5C7EB6}.Debug|Any CPU.Build.0 = Debug|Any CPU
		{F446462A-9098-4D6B-A2CB-12537D5C7EB6}.Release|Any CPU.ActiveCfg = Release|Any CPU
		{F446462A-9098-4D6B-A2CB-12537D5C7EB6}.Release|Any CPU.Build.0 = Release|Any CPU
	EndGlobalSection
	GlobalSection(SolutionProperties) = preSolution
		HideSolutionNode = FALSE
	EndGlobalSection
EndGlobal
