
Microsoft Visual Studio Solution File, Format Version 12.00
# Visual Studio 2013
VisualStudioVersion = 12.0.31101.0
MinimumVisualStudioVersion = 10.0.40219.1
Project("{FAE04EC0-301F-11D3-BF4B-00C04F79EFBC}") = "01.SquareRoot", "01.SquareRoot\01.SquareRoot.csproj", "{F54A7E21-C843-4679-A722-1DE99AE36BA5}"
EndProject
Project("{FAE04EC0-301F-11D3-BF4B-00C04F79EFBC}") = "02.Enter numbers", "02.Enter numbers\02.Enter numbers.csproj", "{FF165FD5-D1F8-4CA3-ABCB-218FCE7C6E33}"
EndProject
Project("{FAE04EC0-301F-11D3-BF4B-00C04F79EFBC}") = "03.ReadFileContents", "03.ReadFileContents\03.ReadFileContents.csproj", "{37D038EE-3279-4546-A4EA-0E0160D78FCB}"
EndProject
Project("{FAE04EC0-301F-11D3-BF4B-00C04F79EFBC}") = "04.DownloadFile", "04.DownloadFile\04.DownloadFile.csproj", "{32AAAE26-900E-4C5A-8CFE-2EFE0212E5DC}"
EndProject
Global
	GlobalSection(SolutionConfigurationPlatforms) = preSolution
		Debug|Any CPU = Debug|Any CPU
		Release|Any CPU = Release|Any CPU
	EndGlobalSection
	GlobalSection(ProjectConfigurationPlatforms) = postSolution
		{F54A7E21-C843-4679-A722-1DE99AE36BA5}.Debug|Any CPU.ActiveCfg = Debug|Any CPU
		{F54A7E21-C843-4679-A722-1DE99AE36BA5}.Debug|Any CPU.Build.0 = Debug|Any CPU
		{F54A7E21-C843-4679-A722-1DE99AE36BA5}.Release|Any CPU.ActiveCfg = Release|Any CPU
		{F54A7E21-C843-4679-A722-1DE99AE36BA5}.Release|Any CPU.Build.0 = Release|Any CPU
		{FF165FD5-D1F8-4CA3-ABCB-218FCE7C6E33}.Debug|Any CPU.ActiveCfg = Debug|Any CPU
		{FF165FD5-D1F8-4CA3-ABCB-218FCE7C6E33}.Debug|Any CPU.Build.0 = Debug|Any CPU
		{FF165FD5-D1F8-4CA3-ABCB-218FCE7C6E33}.Release|Any CPU.ActiveCfg = Release|Any CPU
		{FF165FD5-D1F8-4CA3-ABCB-218FCE7C6E33}.Release|Any CPU.Build.0 = Release|Any CPU
		{37D038EE-3279-4546-A4EA-0E0160D78FCB}.Debug|Any CPU.ActiveCfg = Debug|Any CPU
		{37D038EE-3279-4546-A4EA-0E0160D78FCB}.Debug|Any CPU.Build.0 = Debug|Any CPU
		{37D038EE-3279-4546-A4EA-0E0160D78FCB}.Release|Any CPU.ActiveCfg = Release|Any CPU
		{37D038EE-3279-4546-A4EA-0E0160D78FCB}.Release|Any CPU.Build.0 = Release|Any CPU
		{32AAAE26-900E-4C5A-8CFE-2EFE0212E5DC}.Debug|Any CPU.ActiveCfg = Debug|Any CPU
		{32AAAE26-900E-4C5A-8CFE-2EFE0212E5DC}.Debug|Any CPU.Build.0 = Debug|Any CPU
		{32AAAE26-900E-4C5A-8CFE-2EFE0212E5DC}.Release|Any CPU.ActiveCfg = Release|Any CPU
		{32AAAE26-900E-4C5A-8CFE-2EFE0212E5DC}.Release|Any CPU.Build.0 = Release|Any CPU
	EndGlobalSection
	GlobalSection(SolutionProperties) = preSolution
		HideSolutionNode = FALSE
	EndGlobalSection
EndGlobal
