
Microsoft Visual Studio Solution File, Format Version 12.00
# Visual Studio 14
VisualStudioVersion = 14.0.24720.0
MinimumVisualStudioVersion = 10.0.40219.1
Project("{FAE04EC0-301F-11D3-BF4B-00C04F79EFBC}") = "Mobile-Testing-Homework.Tests", "Mobile-Testing-Homework.Tests\Mobile-Testing-Homework.Tests.csproj", "{5577C02D-3BE6-4E35-8CC9-FC7A6F87CDA4}"
EndProject
Project("{FAE04EC0-301F-11D3-BF4B-00C04F79EFBC}") = "Mobile-Testing-Homework.Core", "Mobile-Testing-Homework.Core\Mobile-Testing-Homework.Core.csproj", "{7E20E5A6-B16F-4448-8892-C37E2E753ABA}"
EndProject
Global
	GlobalSection(SolutionConfigurationPlatforms) = preSolution
		Debug|Any CPU = Debug|Any CPU
		Release|Any CPU = Release|Any CPU
	EndGlobalSection
	GlobalSection(ProjectConfigurationPlatforms) = postSolution
		{5577C02D-3BE6-4E35-8CC9-FC7A6F87CDA4}.Debug|Any CPU.ActiveCfg = Debug|Any CPU
		{5577C02D-3BE6-4E35-8CC9-FC7A6F87CDA4}.Debug|Any CPU.Build.0 = Debug|Any CPU
		{5577C02D-3BE6-4E35-8CC9-FC7A6F87CDA4}.Release|Any CPU.ActiveCfg = Release|Any CPU
		{5577C02D-3BE6-4E35-8CC9-FC7A6F87CDA4}.Release|Any CPU.Build.0 = Release|Any CPU
		{7E20E5A6-B16F-4448-8892-C37E2E753ABA}.Debug|Any CPU.ActiveCfg = Debug|Any CPU
		{7E20E5A6-B16F-4448-8892-C37E2E753ABA}.Debug|Any CPU.Build.0 = Debug|Any CPU
		{7E20E5A6-B16F-4448-8892-C37E2E753ABA}.Release|Any CPU.ActiveCfg = Release|Any CPU
		{7E20E5A6-B16F-4448-8892-C37E2E753ABA}.Release|Any CPU.Build.0 = Release|Any CPU
	EndGlobalSection
	GlobalSection(SolutionProperties) = preSolution
		HideSolutionNode = FALSE
	EndGlobalSection
EndGlobal
